
Microsoft Visual Studio Solution File, Format Version 12.00
# Visual Studio Version 17
VisualStudioVersion = 17.3.32922.545
MinimumVisualStudioVersion = 10.0.40219.1
Project("{FAE04EC0-301F-11D3-BF4B-00C04F79EFBC}") = "todos-api", "todos-api\todos-api.csproj", "{52D9B3F2-F9E9-4A49-98BB-33C661DAB822}"
EndProject
Project("{54A90642-561A-4BB1-A94E-469ADEE60C69}") = "todos-frontend", "todos-frontend\todos-frontend.esproj", "{F150EB28-FB01-462D-BF23-EE8351E5EC27}"
EndProject
Global
	GlobalSection(SolutionConfigurationPlatforms) = preSolution
		Debug|Any CPU = Debug|Any CPU
		Release|Any CPU = Release|Any CPU
	EndGlobalSection
	GlobalSection(ProjectConfigurationPlatforms) = postSolution
		{52D9B3F2-F9E9-4A49-98BB-33C661DAB822}.Debug|Any CPU.ActiveCfg = Debug|Any CPU
		{52D9B3F2-F9E9-4A49-98BB-33C661DAB822}.Debug|Any CPU.Build.0 = Debug|Any CPU
		{52D9B3F2-F9E9-4A49-98BB-33C661DAB822}.Release|Any CPU.ActiveCfg = Release|Any CPU
		{52D9B3F2-F9E9-4A49-98BB-33C661DAB822}.Release|Any CPU.Build.0 = Release|Any CPU
		{F150EB28-FB01-462D-BF23-EE8351E5EC27}.Debug|Any CPU.ActiveCfg = Debug|Any CPU
		{F150EB28-FB01-462D-BF23-EE8351E5EC27}.Debug|Any CPU.Build.0 = Debug|Any CPU
		{F150EB28-FB01-462D-BF23-EE8351E5EC27}.Debug|Any CPU.Deploy.0 = Debug|Any CPU
		{F150EB28-FB01-462D-BF23-EE8351E5EC27}.Release|Any CPU.ActiveCfg = Release|Any CPU
		{F150EB28-FB01-462D-BF23-EE8351E5EC27}.Release|Any CPU.Build.0 = Release|Any CPU
		{F150EB28-FB01-462D-BF23-EE8351E5EC27}.Release|Any CPU.Deploy.0 = Release|Any CPU
	EndGlobalSection
	GlobalSection(SolutionProperties) = preSolution
		HideSolutionNode = FALSE
	EndGlobalSection
	GlobalSection(ExtensibilityGlobals) = postSolution
		SolutionGuid = {AB214856-85CD-4816-95CE-4D14D9041414}
	EndGlobalSection
EndGlobal
